
Microsoft Visual Studio Solution File, Format Version 12.00
# Visual Studio Version 17
VisualStudioVersion = 17.9.34622.214
MinimumVisualStudioVersion = 10.0.40219.1
Project("{FAE04EC0-301F-11D3-BF4B-00C04F79EFBC}") = "HybridClient1", "HybridClient1.csproj", "{2BB456A7-DBC6-40C7-8F77-AB7BB4BD1C27}"
EndProject
Project("{FAE04EC0-301F-11D3-BF4B-00C04F79EFBC}") = "WisejHybridLocalApplication1", "..\WisejHybridLocalApplication1\WisejHybridLocalApplication1.csproj", "{D6B52D0C-B3B4-47B8-B042-C40FFC4AD077}"
EndProject
Global
	GlobalSection(SolutionConfigurationPlatforms) = preSolution
		Debug|Any CPU = Debug|Any CPU
		Release|Any CPU = Release|Any CPU
	EndGlobalSection
	GlobalSection(ProjectConfigurationPlatforms) = postSolution
		{2BB456A7-DBC6-40C7-8F77-AB7BB4BD1C27}.Debug|Any CPU.ActiveCfg = Debug|Any CPU
		{2BB456A7-DBC6-40C7-8F77-AB7BB4BD1C27}.Debug|Any CPU.Build.0 = Debug|Any CPU
		{2BB456A7-DBC6-40C7-8F77-AB7BB4BD1C27}.Debug|Any CPU.Deploy.0 = Debug|Any CPU
		{2BB456A7-DBC6-40C7-8F77-AB7BB4BD1C27}.Release|Any CPU.ActiveCfg = Release|Any CPU
		{2BB456A7-DBC6-40C7-8F77-AB7BB4BD1C27}.Release|Any CPU.Build.0 = Release|Any CPU
		{2BB456A7-DBC6-40C7-8F77-AB7BB4BD1C27}.Release|Any CPU.Deploy.0 = Release|Any CPU
		{D6B52D0C-B3B4-47B8-B042-C40FFC4AD077}.Debug|Any CPU.ActiveCfg = Debug|Any CPU
		{D6B52D0C-B3B4-47B8-B042-C40FFC4AD077}.Debug|Any CPU.Build.0 = Debug|Any CPU
		{D6B52D0C-B3B4-47B8-B042-C40FFC4AD077}.Release|Any CPU.ActiveCfg = Release|Any CPU
		{D6B52D0C-B3B4-47B8-B042-C40FFC4AD077}.Release|Any CPU.Build.0 = Release|Any CPU
	EndGlobalSection
	GlobalSection(SolutionProperties) = preSolution
		HideSolutionNode = FALSE
	EndGlobalSection
	GlobalSection(ExtensibilityGlobals) = postSolution
		SolutionGuid = {F5E8CB36-E426-453C-8702-C193688B92D9}
	EndGlobalSection
EndGlobal
